
Microsoft Visual Studio Solution File, Format Version 12.00
# Visual Studio Version 17
VisualStudioVersion = 17.8.34322.80
MinimumVisualStudioVersion = 10.0.40219.1
Project("{9A19103F-16F7-4668-BE54-9A1E7A4F7556}") = "Day01", "Day01\Day01.csproj", "{30C1D1E6-97C6-4283-9A41-7F3D7BE6FEF3}"
EndProject
Project("{9A19103F-16F7-4668-BE54-9A1E7A4F7556}") = "Runner", "Runner\Runner.csproj", "{07774DEC-2F02-4063-8EA1-F97F1E1E8495}"
EndProject
Project("{9A19103F-16F7-4668-BE54-9A1E7A4F7556}") = "Day02", "Day02\Day02.csproj", "{213D8835-F59D-468B-B994-330DA6076189}"
EndProject
Project("{9A19103F-16F7-4668-BE54-9A1E7A4F7556}") = "Shared", "Shared\Shared.csproj", "{759B8B22-28B3-4A28-AB01-F669A02E1B0A}"
EndProject
Project("{9A19103F-16F7-4668-BE54-9A1E7A4F7556}") = "Day03", "Day03\Day03.csproj", "{C5CA70AE-3042-4E1A-9BE0-FA7CEC8D9CB9}"
EndProject
Project("{9A19103F-16F7-4668-BE54-9A1E7A4F7556}") = "Day04", "Day04\Day04.csproj", "{E978105D-25B1-4412-B181-D980DB188285}"
EndProject
Project("{9A19103F-16F7-4668-BE54-9A1E7A4F7556}") = "Day05", "Day05\Day05.csproj", "{C19E001A-0791-4E23-86A3-F57291D2D375}"
EndProject
Project("{9A19103F-16F7-4668-BE54-9A1E7A4F7556}") = "Day06", "Day06\Day06.csproj", "{69B2EEB8-18AC-40AF-ADEA-2875B4DFF480}"
EndProject
Project("{9A19103F-16F7-4668-BE54-9A1E7A4F7556}") = "Day07", "Day07\Day07.csproj", "{3A2A3AD5-C0D0-418B-98DF-F5BBDCA78F92}"
EndProject
Project("{9A19103F-16F7-4668-BE54-9A1E7A4F7556}") = "Day08", "Day08\Day08.csproj", "{B34F1B3B-8EC3-41F0-9DF8-4B3E4DEDE2A4}"
EndProject
Project("{9A19103F-16F7-4668-BE54-9A1E7A4F7556}") = "Day09", "Day09\Day09.csproj", "{A1BABB94-2F90-4498-B524-368E528D85C0}"
EndProject
Project("{9A19103F-16F7-4668-BE54-9A1E7A4F7556}") = "Day10", "Day10\Day10.csproj", "{AEC87EE5-D10D-410C-AD70-EAE48996321B}"
EndProject
Project("{9A19103F-16F7-4668-BE54-9A1E7A4F7556}") = "Day11", "Day11\Day11.csproj", "{A20CC549-08B2-41F3-B612-BE19E1A968CB}"
EndProject
Project("{9A19103F-16F7-4668-BE54-9A1E7A4F7556}") = "Day12", "Day12\Day12.csproj", "{487D4EAC-CD42-41DE-8DD7-09DDCC8D20F7}"
EndProject
Project("{FAE04EC0-301F-11D3-BF4B-00C04F79EFBC}") = "Day13", "Day13\Day13.csproj", "{AC9D1255-ECE5-48F4-A3AC-BEA25512288F}"
EndProject
Global
	GlobalSection(SolutionConfigurationPlatforms) = preSolution
		Debug|Any CPU = Debug|Any CPU
		Release|Any CPU = Release|Any CPU
	EndGlobalSection
	GlobalSection(ProjectConfigurationPlatforms) = postSolution
		{30C1D1E6-97C6-4283-9A41-7F3D7BE6FEF3}.Debug|Any CPU.ActiveCfg = Debug|Any CPU
		{30C1D1E6-97C6-4283-9A41-7F3D7BE6FEF3}.Debug|Any CPU.Build.0 = Debug|Any CPU
		{30C1D1E6-97C6-4283-9A41-7F3D7BE6FEF3}.Release|Any CPU.ActiveCfg = Release|Any CPU
		{30C1D1E6-97C6-4283-9A41-7F3D7BE6FEF3}.Release|Any CPU.Build.0 = Release|Any CPU
		{07774DEC-2F02-4063-8EA1-F97F1E1E8495}.Debug|Any CPU.ActiveCfg = Debug|Any CPU
		{07774DEC-2F02-4063-8EA1-F97F1E1E8495}.Debug|Any CPU.Build.0 = Debug|Any CPU
		{07774DEC-2F02-4063-8EA1-F97F1E1E8495}.Release|Any CPU.ActiveCfg = Release|Any CPU
		{07774DEC-2F02-4063-8EA1-F97F1E1E8495}.Release|Any CPU.Build.0 = Release|Any CPU
		{213D8835-F59D-468B-B994-330DA6076189}.Debug|Any CPU.ActiveCfg = Debug|Any CPU
		{213D8835-F59D-468B-B994-330DA6076189}.Debug|Any CPU.Build.0 = Debug|Any CPU
		{213D8835-F59D-468B-B994-330DA6076189}.Release|Any CPU.ActiveCfg = Release|Any CPU
		{213D8835-F59D-468B-B994-330DA6076189}.Release|Any CPU.Build.0 = Release|Any CPU
		{759B8B22-28B3-4A28-AB01-F669A02E1B0A}.Debug|Any CPU.ActiveCfg = Debug|Any CPU
		{759B8B22-28B3-4A28-AB01-F669A02E1B0A}.Debug|Any CPU.Build.0 = Debug|Any CPU
		{759B8B22-28B3-4A28-AB01-F669A02E1B0A}.Release|Any CPU.ActiveCfg = Release|Any CPU
		{759B8B22-28B3-4A28-AB01-F669A02E1B0A}.Release|Any CPU.Build.0 = Release|Any CPU
		{C5CA70AE-3042-4E1A-9BE0-FA7CEC8D9CB9}.Debug|Any CPU.ActiveCfg = Debug|Any CPU
		{C5CA70AE-3042-4E1A-9BE0-FA7CEC8D9CB9}.Debug|Any CPU.Build.0 = Debug|Any CPU
		{C5CA70AE-3042-4E1A-9BE0-FA7CEC8D9CB9}.Release|Any CPU.ActiveCfg = Release|Any CPU
		{C5CA70AE-3042-4E1A-9BE0-FA7CEC8D9CB9}.Release|Any CPU.Build.0 = Release|Any CPU
		{E978105D-25B1-4412-B181-D980DB188285}.Debug|Any CPU.ActiveCfg = Debug|Any CPU
		{E978105D-25B1-4412-B181-D980DB188285}.Debug|Any CPU.Build.0 = Debug|Any CPU
		{E978105D-25B1-4412-B181-D980DB188285}.Release|Any CPU.ActiveCfg = Release|Any CPU
		{E978105D-25B1-4412-B181-D980DB188285}.Release|Any CPU.Build.0 = Release|Any CPU
		{C19E001A-0791-4E23-86A3-F57291D2D375}.Debug|Any CPU.ActiveCfg = Debug|Any CPU
		{C19E001A-0791-4E23-86A3-F57291D2D375}.Debug|Any CPU.Build.0 = Debug|Any CPU
		{C19E001A-0791-4E23-86A3-F57291D2D375}.Release|Any CPU.ActiveCfg = Release|Any CPU
		{C19E001A-0791-4E23-86A3-F57291D2D375}.Release|Any CPU.Build.0 = Release|Any CPU
		{69B2EEB8-18AC-40AF-ADEA-2875B4DFF480}.Debug|Any CPU.ActiveCfg = Debug|Any CPU
		{69B2EEB8-18AC-40AF-ADEA-2875B4DFF480}.Debug|Any CPU.Build.0 = Debug|Any CPU
		{69B2EEB8-18AC-40AF-ADEA-2875B4DFF480}.Release|Any CPU.ActiveCfg = Release|Any CPU
		{69B2EEB8-18AC-40AF-ADEA-2875B4DFF480}.Release|Any CPU.Build.0 = Release|Any CPU
		{3A2A3AD5-C0D0-418B-98DF-F5BBDCA78F92}.Debug|Any CPU.ActiveCfg = Debug|Any CPU
		{3A2A3AD5-C0D0-418B-98DF-F5BBDCA78F92}.Debug|Any CPU.Build.0 = Debug|Any CPU
		{3A2A3AD5-C0D0-418B-98DF-F5BBDCA78F92}.Release|Any CPU.ActiveCfg = Release|Any CPU
		{3A2A3AD5-C0D0-418B-98DF-F5BBDCA78F92}.Release|Any CPU.Build.0 = Release|Any CPU
		{B34F1B3B-8EC3-41F0-9DF8-4B3E4DEDE2A4}.Debug|Any CPU.ActiveCfg = Debug|Any CPU
		{B34F1B3B-8EC3-41F0-9DF8-4B3E4DEDE2A4}.Debug|Any CPU.Build.0 = Debug|Any CPU
		{B34F1B3B-8EC3-41F0-9DF8-4B3E4DEDE2A4}.Release|Any CPU.ActiveCfg = Release|Any CPU
		{B34F1B3B-8EC3-41F0-9DF8-4B3E4DEDE2A4}.Release|Any CPU.Build.0 = Release|Any CPU
		{A1BABB94-2F90-4498-B524-368E528D85C0}.Debug|Any CPU.ActiveCfg = Debug|Any CPU
		{A1BABB94-2F90-4498-B524-368E528D85C0}.Debug|Any CPU.Build.0 = Debug|Any CPU
		{A1BABB94-2F90-4498-B524-368E528D85C0}.Release|Any CPU.ActiveCfg = Release|Any CPU
		{A1BABB94-2F90-4498-B524-368E528D85C0}.Release|Any CPU.Build.0 = Release|Any CPU
		{AEC87EE5-D10D-410C-AD70-EAE48996321B}.Debug|Any CPU.ActiveCfg = Debug|Any CPU
		{AEC87EE5-D10D-410C-AD70-EAE48996321B}.Debug|Any CPU.Build.0 = Debug|Any CPU
		{AEC87EE5-D10D-410C-AD70-EAE48996321B}.Release|Any CPU.ActiveCfg = Release|Any CPU
		{AEC87EE5-D10D-410C-AD70-EAE48996321B}.Release|Any CPU.Build.0 = Release|Any CPU
		{A20CC549-08B2-41F3-B612-BE19E1A968CB}.Debug|Any CPU.ActiveCfg = Debug|Any CPU
		{A20CC549-08B2-41F3-B612-BE19E1A968CB}.Debug|Any CPU.Build.0 = Debug|Any CPU
		{A20CC549-08B2-41F3-B612-BE19E1A968CB}.Release|Any CPU.ActiveCfg = Release|Any CPU
		{A20CC549-08B2-41F3-B612-BE19E1A968CB}.Release|Any CPU.Build.0 = Release|Any CPU
		{487D4EAC-CD42-41DE-8DD7-09DDCC8D20F7}.Debug|Any CPU.ActiveCfg = Debug|Any CPU
		{487D4EAC-CD42-41DE-8DD7-09DDCC8D20F7}.Debug|Any CPU.Build.0 = Debug|Any CPU
		{487D4EAC-CD42-41DE-8DD7-09DDCC8D20F7}.Release|Any CPU.ActiveCfg = Release|Any CPU
		{487D4EAC-CD42-41DE-8DD7-09DDCC8D20F7}.Release|Any CPU.Build.0 = Release|Any CPU
		{AC9D1255-ECE5-48F4-A3AC-BEA25512288F}.Debug|Any CPU.ActiveCfg = Debug|Any CPU
		{AC9D1255-ECE5-48F4-A3AC-BEA25512288F}.Debug|Any CPU.Build.0 = Debug|Any CPU
		{AC9D1255-ECE5-48F4-A3AC-BEA25512288F}.Release|Any CPU.ActiveCfg = Release|Any CPU
		{AC9D1255-ECE5-48F4-A3AC-BEA25512288F}.Release|Any CPU.Build.0 = Release|Any CPU
	EndGlobalSection
	GlobalSection(SolutionProperties) = preSolution
		HideSolutionNode = FALSE
	EndGlobalSection
	GlobalSection(ExtensibilityGlobals) = postSolution
		SolutionGuid = {1EB06130-0226-4754-ADC5-557FCC54EAAE}
	EndGlobalSection
EndGlobal
